
Microsoft Visual Studio Solution File, Format Version 12.00
# Visual Studio 15
VisualStudioVersion = 15.0.27004.2005
MinimumVisualStudioVersion = 10.0.40219.1
Project("{9A19103F-16F7-4668-BE54-9A1E7A4F7556}") = "Ucrs.Web", "Web\Ucrs.Web\Ucrs.Web.csproj", "{AD3B0CAA-6840-4B9D-B79D-6AC400E7B4BD}"
EndProject
Project("{9A19103F-16F7-4668-BE54-9A1E7A4F7556}") = "Ucrs.Data", "Data\Ucrs.Data\Ucrs.Data.csproj", "{03F944EE-4CD7-416D-BB3B-020C41A5F6B4}"
EndProject
Project("{FAE04EC0-301F-11D3-BF4B-00C04F79EFBC}") = "Ucrs.Data.Models", "Data\Ucrs.Data.Models\Ucrs.Data.Models.csproj", "{8A8CA56C-4B4F-4AAE-81E3-EE1DB48EF89E}"
EndProject
Project("{FAE04EC0-301F-11D3-BF4B-00C04F79EFBC}") = "Ucrs.Data.Common", "Data\Ucrs.Data.Common\Ucrs.Data.Common.csproj", "{6649FF3C-BFEC-441E-9910-BFF4CC4C333A}"
EndProject
Project("{FAE04EC0-301F-11D3-BF4B-00C04F79EFBC}") = "Ucrs.Common", "Ucrs.Common\Ucrs.Common.csproj", "{A6E27697-3FF1-4338-AC01-26D2C2867228}"
EndProject
Global
	GlobalSection(SolutionConfigurationPlatforms) = preSolution
		Debug|Any CPU = Debug|Any CPU
		Release|Any CPU = Release|Any CPU
	EndGlobalSection
	GlobalSection(ProjectConfigurationPlatforms) = postSolution
		{AD3B0CAA-6840-4B9D-B79D-6AC400E7B4BD}.Debug|Any CPU.ActiveCfg = Debug|Any CPU
		{AD3B0CAA-6840-4B9D-B79D-6AC400E7B4BD}.Debug|Any CPU.Build.0 = Debug|Any CPU
		{AD3B0CAA-6840-4B9D-B79D-6AC400E7B4BD}.Release|Any CPU.ActiveCfg = Release|Any CPU
		{AD3B0CAA-6840-4B9D-B79D-6AC400E7B4BD}.Release|Any CPU.Build.0 = Release|Any CPU
		{03F944EE-4CD7-416D-BB3B-020C41A5F6B4}.Debug|Any CPU.ActiveCfg = Debug|Any CPU
		{03F944EE-4CD7-416D-BB3B-020C41A5F6B4}.Debug|Any CPU.Build.0 = Debug|Any CPU
		{03F944EE-4CD7-416D-BB3B-020C41A5F6B4}.Release|Any CPU.ActiveCfg = Release|Any CPU
		{03F944EE-4CD7-416D-BB3B-020C41A5F6B4}.Release|Any CPU.Build.0 = Release|Any CPU
		{8A8CA56C-4B4F-4AAE-81E3-EE1DB48EF89E}.Debug|Any CPU.ActiveCfg = Debug|Any CPU
		{8A8CA56C-4B4F-4AAE-81E3-EE1DB48EF89E}.Debug|Any CPU.Build.0 = Debug|Any CPU
		{8A8CA56C-4B4F-4AAE-81E3-EE1DB48EF89E}.Release|Any CPU.ActiveCfg = Release|Any CPU
		{8A8CA56C-4B4F-4AAE-81E3-EE1DB48EF89E}.Release|Any CPU.Build.0 = Release|Any CPU
		{6649FF3C-BFEC-441E-9910-BFF4CC4C333A}.Debug|Any CPU.ActiveCfg = Debug|Any CPU
		{6649FF3C-BFEC-441E-9910-BFF4CC4C333A}.Debug|Any CPU.Build.0 = Debug|Any CPU
		{6649FF3C-BFEC-441E-9910-BFF4CC4C333A}.Release|Any CPU.ActiveCfg = Release|Any CPU
		{6649FF3C-BFEC-441E-9910-BFF4CC4C333A}.Release|Any CPU.Build.0 = Release|Any CPU
		{A6E27697-3FF1-4338-AC01-26D2C2867228}.Debug|Any CPU.ActiveCfg = Debug|Any CPU
		{A6E27697-3FF1-4338-AC01-26D2C2867228}.Debug|Any CPU.Build.0 = Debug|Any CPU
		{A6E27697-3FF1-4338-AC01-26D2C2867228}.Release|Any CPU.ActiveCfg = Release|Any CPU
		{A6E27697-3FF1-4338-AC01-26D2C2867228}.Release|Any CPU.Build.0 = Release|Any CPU
	EndGlobalSection
	GlobalSection(SolutionProperties) = preSolution
		HideSolutionNode = FALSE
	EndGlobalSection
	GlobalSection(ExtensibilityGlobals) = postSolution
		SolutionGuid = {D93B734C-94D0-484C-B91B-C5E7B319A92D}
	EndGlobalSection
EndGlobal
